# This file is automatically @generated by Cargo.
# It is not intended for manual editing.
version = 4

[[package]]
name = "compound-datatypes"
version = "0.1.0"

[[package]]
name = "controlflow"
version = "0.1.0"

[[package]]
name = "datatypes"
version = "0.1.0"

[[package]]
name = "functions"
version = "0.1.0"

[[package]]
name = "helloproject"
version = "0.1.0"

[[package]]
name = "mutability"
version = "0.1.0"

[[package]]
name = "ownership"
version = "0.1.0"

[[package]]
name = "shadowing"
version = "0.1.0"

[[package]]
name = "structs"
version = "0.1.0"
